
Microsoft Visual Studio Solution File, Format Version 12.00
# Visual Studio Version 16
VisualStudioVersion = 16.0.33328.57
MinimumVisualStudioVersion = 10.0.40219.1
Project("{FAE04EC0-301F-11D3-BF4B-00C04F79EFBC}") = "Assignment1", "Assignment1\Assignment1.csproj", "{E7824AE5-7F4A-4A20-85A7-8B9BF1FEBDE7}"
EndProject
Global
	GlobalSection(SolutionConfigurationPlatforms) = preSolution
		Debug|Any CPU = Debug|Any CPU
		Release|Any CPU = Release|Any CPU
	EndGlobalSection
	GlobalSection(ProjectConfigurationPlatforms) = postSolution
		{E7824AE5-7F4A-4A20-85A7-8B9BF1FEBDE7}.Debug|Any CPU.ActiveCfg = Debug|Any CPU
		{E7824AE5-7F4A-4A20-85A7-8B9BF1FEBDE7}.Debug|Any CPU.Build.0 = Debug|Any CPU
		{E7824AE5-7F4A-4A20-85A7-8B9BF1FEBDE7}.Release|Any CPU.ActiveCfg = Release|Any CPU
		{E7824AE5-7F4A-4A20-85A7-8B9BF1FEBDE7}.Release|Any CPU.Build.0 = Release|Any CPU
	EndGlobalSection
	GlobalSection(SolutionProperties) = preSolution
		HideSolutionNode = FALSE
	EndGlobalSection
	GlobalSection(ExtensibilityGlobals) = postSolution
		SolutionGuid = {8371C9ED-4728-4B9B-A257-1208D0C084BB}
	EndGlobalSection
EndGlobal
