
Microsoft Visual Studio Solution File, Format Version 12.00
# Visual Studio Version 16
VisualStudioVersion = 16.0.33328.57
MinimumVisualStudioVersion = 10.0.40219.1
Project("{FAE04EC0-301F-11D3-BF4B-00C04F79EFBC}") = "Question3", "Question3\Question3.csproj", "{BEE606D7-FDBC-4E97-8C74-3872B810472D}"
EndProject
Global
	GlobalSection(SolutionConfigurationPlatforms) = preSolution
		Debug|Any CPU = Debug|Any CPU
		Release|Any CPU = Release|Any CPU
	EndGlobalSection
	GlobalSection(ProjectConfigurationPlatforms) = postSolution
		{BEE606D7-FDBC-4E97-8C74-3872B810472D}.Debug|Any CPU.ActiveCfg = Debug|Any CPU
		{BEE606D7-FDBC-4E97-8C74-3872B810472D}.Debug|Any CPU.Build.0 = Debug|Any CPU
		{BEE606D7-FDBC-4E97-8C74-3872B810472D}.Release|Any CPU.ActiveCfg = Release|Any CPU
		{BEE606D7-FDBC-4E97-8C74-3872B810472D}.Release|Any CPU.Build.0 = Release|Any CPU
	EndGlobalSection
	GlobalSection(SolutionProperties) = preSolution
		HideSolutionNode = FALSE
	EndGlobalSection
	GlobalSection(ExtensibilityGlobals) = postSolution
		SolutionGuid = {22999C59-F37A-4D9C-AA06-820117F194A9}
	EndGlobalSection
EndGlobal
